
Microsoft Visual Studio Solution File, Format Version 12.00
# Visual Studio Version 16
VisualStudioVersion = 16.0.29215.179
MinimumVisualStudioVersion = 10.0.40219.1
Project("{FAE04EC0-301F-11D3-BF4B-00C04F79EFBC}") = "Misha-Calculator", "Misha-Calculator\Misha-Calculator.csproj", "{13AFB00E-300A-470C-B910-6054444CE291}"
EndProject
Project("{FAE04EC0-301F-11D3-BF4B-00C04F79EFBC}") = "Misha_Calculator_Android", "Misha_Calculator_Android\Misha_Calculator_Android.csproj", "{7E46A14D-7985-4540-B0EB-9D4E0ADDADB2}"
EndProject
Global
	GlobalSection(SolutionConfigurationPlatforms) = preSolution
		Debug|Any CPU = Debug|Any CPU
		Release|Any CPU = Release|Any CPU
	EndGlobalSection
	GlobalSection(ProjectConfigurationPlatforms) = postSolution
		{13AFB00E-300A-470C-B910-6054444CE291}.Debug|Any CPU.ActiveCfg = Debug|Any CPU
		{13AFB00E-300A-470C-B910-6054444CE291}.Debug|Any CPU.Build.0 = Debug|Any CPU
		{13AFB00E-300A-470C-B910-6054444CE291}.Release|Any CPU.ActiveCfg = Release|Any CPU
		{13AFB00E-300A-470C-B910-6054444CE291}.Release|Any CPU.Build.0 = Release|Any CPU
		{7E46A14D-7985-4540-B0EB-9D4E0ADDADB2}.Debug|Any CPU.ActiveCfg = Debug|Any CPU
		{7E46A14D-7985-4540-B0EB-9D4E0ADDADB2}.Debug|Any CPU.Build.0 = Debug|Any CPU
		{7E46A14D-7985-4540-B0EB-9D4E0ADDADB2}.Debug|Any CPU.Deploy.0 = Debug|Any CPU
		{7E46A14D-7985-4540-B0EB-9D4E0ADDADB2}.Release|Any CPU.ActiveCfg = Release|Any CPU
		{7E46A14D-7985-4540-B0EB-9D4E0ADDADB2}.Release|Any CPU.Build.0 = Release|Any CPU
		{7E46A14D-7985-4540-B0EB-9D4E0ADDADB2}.Release|Any CPU.Deploy.0 = Release|Any CPU
	EndGlobalSection
	GlobalSection(SolutionProperties) = preSolution
		HideSolutionNode = FALSE
	EndGlobalSection
	GlobalSection(ExtensibilityGlobals) = postSolution
		SolutionGuid = {779A7FE7-8A78-45BD-8E4D-51DDF229629A}
	EndGlobalSection
EndGlobal
